
Microsoft Visual Studio Solution File, Format Version 11.00
# Visual Studio 2010
Project("{FAE04EC0-301F-11D3-BF4B-00C04F79EFBC}") = "prog_kursa_darbs", "Assembly-CSharp-firstpass.csproj", "{3F90D381-A7A9-A19D-52A0-C9E26CE9E821}"
EndProject
Project("{FAE04EC0-301F-11D3-BF4B-00C04F79EFBC}") = "prog_kursa_darbs", "Assembly-CSharp.csproj", "{8E098307-631A-4B9C-31DA-428B8F828907}"
EndProject
Project("{FAE04EC0-301F-11D3-BF4B-00C04F79EFBC}") = "prog_kursa_darbs", "Assembly-CSharp-Editor.csproj", "{36B2B39F-8FFB-A336-D6CD-086291D3DA3D}"
EndProject
Global
	GlobalSection(SolutionConfigurationPlatforms) = preSolution
		Debug|Any CPU = Debug|Any CPU
		Release|Any CPU = Release|Any CPU
	EndGlobalSection
	GlobalSection(ProjectConfigurationPlatforms) = postSolution
		{3F90D381-A7A9-A19D-52A0-C9E26CE9E821}.Debug|Any CPU.ActiveCfg = Debug|Any CPU
		{3F90D381-A7A9-A19D-52A0-C9E26CE9E821}.Debug|Any CPU.Build.0 = Debug|Any CPU
		{3F90D381-A7A9-A19D-52A0-C9E26CE9E821}.Release|Any CPU.ActiveCfg = Release|Any CPU
		{3F90D381-A7A9-A19D-52A0-C9E26CE9E821}.Release|Any CPU.Build.0 = Release|Any CPU
		{8E098307-631A-4B9C-31DA-428B8F828907}.Debug|Any CPU.ActiveCfg = Debug|Any CPU
		{8E098307-631A-4B9C-31DA-428B8F828907}.Debug|Any CPU.Build.0 = Debug|Any CPU
		{8E098307-631A-4B9C-31DA-428B8F828907}.Release|Any CPU.ActiveCfg = Release|Any CPU
		{8E098307-631A-4B9C-31DA-428B8F828907}.Release|Any CPU.Build.0 = Release|Any CPU
		{36B2B39F-8FFB-A336-D6CD-086291D3DA3D}.Debug|Any CPU.ActiveCfg = Debug|Any CPU
		{36B2B39F-8FFB-A336-D6CD-086291D3DA3D}.Debug|Any CPU.Build.0 = Debug|Any CPU
		{36B2B39F-8FFB-A336-D6CD-086291D3DA3D}.Release|Any CPU.ActiveCfg = Release|Any CPU
		{36B2B39F-8FFB-A336-D6CD-086291D3DA3D}.Release|Any CPU.Build.0 = Release|Any CPU
	EndGlobalSection
	GlobalSection(SolutionProperties) = preSolution
		HideSolutionNode = FALSE
	EndGlobalSection
	GlobalSection(MonoDevelopProperties) = preSolution
		StartupItem = Assembly-CSharp.csproj
	EndGlobalSection
EndGlobal
